// !$*UTF8*$!
{
	archiveVersion = 1;
	classes = {
	};
	objectVersion = 55;
	objects = {

/* Begin PBXBuildFile section */
		337784DA133989EF4B43FE82 /* Pods_PokemonCarnival.framework in Frameworks */ = {isa = PBXBuildFile; fileRef = E14211843299C3D33CAA400F /* Pods_PokemonCarnival.framework */; };
		74032DB128956EC800D83F39 /* AppDelegate.swift in Sources */ = {isa = PBXBuildFile; fileRef = 74032DB028956EC800D83F39 /* AppDelegate.swift */; };
		74032DBB28956EC800D83F39 /* PokemonCarnival.xcdatamodeld in Sources */ = {isa = PBXBuildFile; fileRef = 74032DB928956EC800D83F39 /* PokemonCarnival.xcdatamodeld */; };
		74032DBD28956ECA00D83F39 /* Assets.xcassets in Resources */ = {isa = PBXBuildFile; fileRef = 74032DBC28956ECA00D83F39 /* Assets.xcassets */; };
		74032DC028956ECA00D83F39 /* LaunchScreen.storyboard in Resources */ = {isa = PBXBuildFile; fileRef = 74032DBE28956ECA00D83F39 /* LaunchScreen.storyboard */; };
		742403DB28962FC20032DF2F /* PokemonTableViewCell.swift in Sources */ = {isa = PBXBuildFile; fileRef = 742403DA28962FC20032DF2F /* PokemonTableViewCell.swift */; };
		743A83132896454C00036D2D /* ConnectionService.swift in Sources */ = {isa = PBXBuildFile; fileRef = 743A83122896454C00036D2D /* ConnectionService.swift */; };
		743A83162896457000036D2D /* PokemonEndPoint.swift in Sources */ = {isa = PBXBuildFile; fileRef = 743A83152896457000036D2D /* PokemonEndPoint.swift */; };
		74A6BD6D28964791003164C5 /* Pokemon.swift in Sources */ = {isa = PBXBuildFile; fileRef = 74A6BD6C28964791003164C5 /* Pokemon.swift */; };
		74A6BD7128964BE3003164C5 /* UIImageView+Extension.swift in Sources */ = {isa = PBXBuildFile; fileRef = 74A6BD7028964BE3003164C5 /* UIImageView+Extension.swift */; };
		74C9D1192896222200DDB305 /* AutoLayoutDSL.swift in Sources */ = {isa = PBXBuildFile; fileRef = 74C9D1182896222200DDB305 /* AutoLayoutDSL.swift */; };
		74C9D11D28962ABD00DDB305 /* PokemonListViewController.swift in Sources */ = {isa = PBXBuildFile; fileRef = 74C9D11C28962ABD00DDB305 /* PokemonListViewController.swift */; };
		74F68ED728982A4F003DF0C6 /* NetworkProvider.swift in Sources */ = {isa = PBXBuildFile; fileRef = 74F68ED428982A4F003DF0C6 /* NetworkProvider.swift */; };
		74F68ED828982A4F003DF0C6 /* RequestBuilderPlugin.swift in Sources */ = {isa = PBXBuildFile; fileRef = 74F68ED528982A4F003DF0C6 /* RequestBuilderPlugin.swift */; };
		74F68EDB28982A70003DF0C6 /* PageResult.swift in Sources */ = {isa = PBXBuildFile; fileRef = 74F68EDA28982A70003DF0C6 /* PageResult.swift */; };
		74F68EDE28982B6F003DF0C6 /* PageResultsTargetType.swift in Sources */ = {isa = PBXBuildFile; fileRef = 74F68EDC28982B6F003DF0C6 /* PageResultsTargetType.swift */; };
		74F68EDF28982B6F003DF0C6 /* Paginator.swift in Sources */ = {isa = PBXBuildFile; fileRef = 74F68EDD28982B6F003DF0C6 /* Paginator.swift */; };
		74F68EE128982D2B003DF0C6 /* ManagedPokenmon+CoreDataClass.swift in Sources */ = {isa = PBXBuildFile; fileRef = 74F68EE028982D2B003DF0C6 /* ManagedPokenmon+CoreDataClass.swift */; };
		74F68EE328982D72003DF0C6 /* CoreData+Extensions.swift in Sources */ = {isa = PBXBuildFile; fileRef = 74F68EE228982D72003DF0C6 /* CoreData+Extensions.swift */; };
		74F68EE72898AD6E003DF0C6 /* Publisher+Extenstions.swift in Sources */ = {isa = PBXBuildFile; fileRef = 74F68EE62898AD6E003DF0C6 /* Publisher+Extenstions.swift */; };
		74F68EEC2898B27E003DF0C6 /* Saveable.swift in Sources */ = {isa = PBXBuildFile; fileRef = 74F68EEB2898B27E003DF0C6 /* Saveable.swift */; };
/* End PBXBuildFile section */

/* Begin PBXFileReference section */
		535AAD9F677A0D16C247C700 /* Pods-PokemonCarnival.release.xcconfig */ = {isa = PBXFileReference; includeInIndex = 1; lastKnownFileType = text.xcconfig; name = "Pods-PokemonCarnival.release.xcconfig"; path = "Target Support Files/Pods-PokemonCarnival/Pods-PokemonCarnival.release.xcconfig"; sourceTree = "<group>"; };
		74032DAD28956EC800D83F39 /* PokemonCarnival.app */ = {isa = PBXFileReference; explicitFileType = wrapper.application; includeInIndex = 0; path = PokemonCarnival.app; sourceTree = BUILT_PRODUCTS_DIR; };
		74032DB028956EC800D83F39 /* AppDelegate.swift */ = {isa = PBXFileReference; lastKnownFileType = sourcecode.swift; path = AppDelegate.swift; sourceTree = "<group>"; };
		74032DBA28956EC800D83F39 /* PokemonCarnival.xcdatamodel */ = {isa = PBXFileReference; lastKnownFileType = wrapper.xcdatamodel; path = PokemonCarnival.xcdatamodel; sourceTree = "<group>"; };
		74032DBC28956ECA00D83F39 /* Assets.xcassets */ = {isa = PBXFileReference; lastKnownFileType = folder.assetcatalog; path = Assets.xcassets; sourceTree = "<group>"; };
		74032DBF28956ECA00D83F39 /* Base */ = {isa = PBXFileReference; lastKnownFileType = file.storyboard; name = Base; path = Base.lproj/LaunchScreen.storyboard; sourceTree = "<group>"; };
		74032DC128956ECA00D83F39 /* Info.plist */ = {isa = PBXFileReference; lastKnownFileType = text.plist.xml; path = Info.plist; sourceTree = "<group>"; };
		742403DA28962FC20032DF2F /* PokemonTableViewCell.swift */ = {isa = PBXFileReference; lastKnownFileType = sourcecode.swift; path = PokemonTableViewCell.swift; sourceTree = "<group>"; };
		743A83122896454C00036D2D /* ConnectionService.swift */ = {isa = PBXFileReference; fileEncoding = 4; lastKnownFileType = sourcecode.swift; path = ConnectionService.swift; sourceTree = "<group>"; };
		743A83152896457000036D2D /* PokemonEndPoint.swift */ = {isa = PBXFileReference; fileEncoding = 4; lastKnownFileType = sourcecode.swift; path = PokemonEndPoint.swift; sourceTree = "<group>"; };
		74A6BD6C28964791003164C5 /* Pokemon.swift */ = {isa = PBXFileReference; lastKnownFileType = sourcecode.swift; path = Pokemon.swift; sourceTree = "<group>"; };
		74A6BD7028964BE3003164C5 /* UIImageView+Extension.swift */ = {isa = PBXFileReference; lastKnownFileType = sourcecode.swift; path = "UIImageView+Extension.swift"; sourceTree = "<group>"; };
		74C9D1182896222200DDB305 /* AutoLayoutDSL.swift */ = {isa = PBXFileReference; lastKnownFileType = sourcecode.swift; path = AutoLayoutDSL.swift; sourceTree = "<group>"; };
		74C9D11C28962ABD00DDB305 /* PokemonListViewController.swift */ = {isa = PBXFileReference; lastKnownFileType = sourcecode.swift; path = PokemonListViewController.swift; sourceTree = "<group>"; };
		74F68ED428982A4F003DF0C6 /* NetworkProvider.swift */ = {isa = PBXFileReference; fileEncoding = 4; lastKnownFileType = sourcecode.swift; path = NetworkProvider.swift; sourceTree = "<group>"; };
		74F68ED528982A4F003DF0C6 /* RequestBuilderPlugin.swift */ = {isa = PBXFileReference; fileEncoding = 4; lastKnownFileType = sourcecode.swift; path = RequestBuilderPlugin.swift; sourceTree = "<group>"; };
		74F68EDA28982A70003DF0C6 /* PageResult.swift */ = {isa = PBXFileReference; fileEncoding = 4; lastKnownFileType = sourcecode.swift; path = PageResult.swift; sourceTree = "<group>"; };
		74F68EDC28982B6F003DF0C6 /* PageResultsTargetType.swift */ = {isa = PBXFileReference; fileEncoding = 4; lastKnownFileType = sourcecode.swift; path = PageResultsTargetType.swift; sourceTree = "<group>"; };
		74F68EDD28982B6F003DF0C6 /* Paginator.swift */ = {isa = PBXFileReference; fileEncoding = 4; lastKnownFileType = sourcecode.swift; path = Paginator.swift; sourceTree = "<group>"; };
		74F68EE028982D2B003DF0C6 /* ManagedPokenmon+CoreDataClass.swift */ = {isa = PBXFileReference; fileEncoding = 4; lastKnownFileType = sourcecode.swift; path = "ManagedPokenmon+CoreDataClass.swift"; sourceTree = "<group>"; };
		74F68EE228982D72003DF0C6 /* CoreData+Extensions.swift */ = {isa = PBXFileReference; lastKnownFileType = sourcecode.swift; path = "CoreData+Extensions.swift"; sourceTree = "<group>"; };
		74F68EE62898AD6E003DF0C6 /* Publisher+Extenstions.swift */ = {isa = PBXFileReference; lastKnownFileType = sourcecode.swift; path = "Publisher+Extenstions.swift"; sourceTree = "<group>"; };
		74F68EEB2898B27E003DF0C6 /* Saveable.swift */ = {isa = PBXFileReference; lastKnownFileType = sourcecode.swift; path = Saveable.swift; sourceTree = "<group>"; };
		A6B8809127109E79701028C1 /* Pods-PokemonCarnival.debug.xcconfig */ = {isa = PBXFileReference; includeInIndex = 1; lastKnownFileType = text.xcconfig; name = "Pods-PokemonCarnival.debug.xcconfig"; path = "Target Support Files/Pods-PokemonCarnival/Pods-PokemonCarnival.debug.xcconfig"; sourceTree = "<group>"; };
		E14211843299C3D33CAA400F /* Pods_PokemonCarnival.framework */ = {isa = PBXFileReference; explicitFileType = wrapper.framework; includeInIndex = 0; path = Pods_PokemonCarnival.framework; sourceTree = BUILT_PRODUCTS_DIR; };
/* End PBXFileReference section */

/* Begin PBXFrameworksBuildPhase section */
		74032DAA28956EC800D83F39 /* Frameworks */ = {
			isa = PBXFrameworksBuildPhase;
			buildActionMask = 2147483647;
			files = (
				337784DA133989EF4B43FE82 /* Pods_PokemonCarnival.framework in Frameworks */,
			);
			runOnlyForDeploymentPostprocessing = 0;
		};
/* End PBXFrameworksBuildPhase section */

/* Begin PBXGroup section */
		4FF8423A32CFF0618B1A1DAF /* Frameworks */ = {
			isa = PBXGroup;
			children = (
				E14211843299C3D33CAA400F /* Pods_PokemonCarnival.framework */,
			);
			name = Frameworks;
			sourceTree = "<group>";
		};
		74032DA428956EC800D83F39 = {
			isa = PBXGroup;
			children = (
				74032DAF28956EC800D83F39 /* PokemonCarnival */,
				74032DAE28956EC800D83F39 /* Products */,
				DCCEC03FF34BD097A79C454B /* Pods */,
				4FF8423A32CFF0618B1A1DAF /* Frameworks */,
			);
			sourceTree = "<group>";
		};
		74032DAE28956EC800D83F39 /* Products */ = {
			isa = PBXGroup;
			children = (
				74032DAD28956EC800D83F39 /* PokemonCarnival.app */,
			);
			name = Products;
			sourceTree = "<group>";
		};
		74032DAF28956EC800D83F39 /* PokemonCarnival */ = {
			isa = PBXGroup;
			children = (
				74F68EEA2898B272003DF0C6 /* Protocols */,
				743A830E289644E100036D2D /* Models */,
				742403D928962DC90032DF2F /* Views */,
				74C9D11B28962A8B00DDB305 /* ViewControllers */,
				74C9D1172896221400DDB305 /* Extensions */,
				74032DB028956EC800D83F39 /* AppDelegate.swift */,
				74032DBC28956ECA00D83F39 /* Assets.xcassets */,
				74032DBE28956ECA00D83F39 /* LaunchScreen.storyboard */,
				74032DC128956ECA00D83F39 /* Info.plist */,
				74032DB928956EC800D83F39 /* PokemonCarnival.xcdatamodeld */,
			);
			path = PokemonCarnival;
			sourceTree = "<group>";
		};
		742403D928962DC90032DF2F /* Views */ = {
			isa = PBXGroup;
			children = (
				742403DA28962FC20032DF2F /* PokemonTableViewCell.swift */,
			);
			path = Views;
			sourceTree = "<group>";
		};
		743A830E289644E100036D2D /* Models */ = {
			isa = PBXGroup;
			children = (
				74F68EE028982D2B003DF0C6 /* ManagedPokenmon+CoreDataClass.swift */,
				74F68ED328982A13003DF0C6 /* Network */,
				743A83142896454F00036D2D /* Endpoints */,
				743A83122896454C00036D2D /* ConnectionService.swift */,
				74F68EDA28982A70003DF0C6 /* PageResult.swift */,
				74A6BD6C28964791003164C5 /* Pokemon.swift */,
			);
			path = Models;
			sourceTree = "<group>";
		};
		743A83142896454F00036D2D /* Endpoints */ = {
			isa = PBXGroup;
			children = (
				743A83152896457000036D2D /* PokemonEndPoint.swift */,
			);
			path = Endpoints;
			sourceTree = "<group>";
		};
		74C9D1172896221400DDB305 /* Extensions */ = {
			isa = PBXGroup;
			children = (
				74C9D1182896222200DDB305 /* AutoLayoutDSL.swift */,
				74F68EE228982D72003DF0C6 /* CoreData+Extensions.swift */,
				74F68EE62898AD6E003DF0C6 /* Publisher+Extenstions.swift */,
				74A6BD7028964BE3003164C5 /* UIImageView+Extension.swift */,
			);
			path = Extensions;
			sourceTree = "<group>";
		};
		74C9D11B28962A8B00DDB305 /* ViewControllers */ = {
			isa = PBXGroup;
			children = (
				74C9D11C28962ABD00DDB305 /* PokemonListViewController.swift */,
			);
			path = ViewControllers;
			sourceTree = "<group>";
		};
		74F68ED328982A13003DF0C6 /* Network */ = {
			isa = PBXGroup;
			children = (
				74F68ED428982A4F003DF0C6 /* NetworkProvider.swift */,
				74F68ED528982A4F003DF0C6 /* RequestBuilderPlugin.swift */,
				74F68EDC28982B6F003DF0C6 /* PageResultsTargetType.swift */,
				74F68EDD28982B6F003DF0C6 /* Paginator.swift */,
			);
			path = Network;
			sourceTree = "<group>";
		};
		74F68EEA2898B272003DF0C6 /* Protocols */ = {
			isa = PBXGroup;
			children = (
				74F68EEB2898B27E003DF0C6 /* Saveable.swift */,
			);
			path = Protocols;
			sourceTree = "<group>";
		};
		DCCEC03FF34BD097A79C454B /* Pods */ = {
			isa = PBXGroup;
			children = (
				A6B8809127109E79701028C1 /* Pods-PokemonCarnival.debug.xcconfig */,
				535AAD9F677A0D16C247C700 /* Pods-PokemonCarnival.release.xcconfig */,
			);
			path = Pods;
			sourceTree = "<group>";
		};
/* End PBXGroup section */

/* Begin PBXNativeTarget section */
		74032DAC28956EC800D83F39 /* PokemonCarnival */ = {
			isa = PBXNativeTarget;
			buildConfigurationList = 74032DC428956ECA00D83F39 /* Build configuration list for PBXNativeTarget "PokemonCarnival" */;
			buildPhases = (
				F8ACE5215D092C658A2EC85B /* [CP] Check Pods Manifest.lock */,
				74032DA928956EC800D83F39 /* Sources */,
				74032DAA28956EC800D83F39 /* Frameworks */,
				74032DAB28956EC800D83F39 /* Resources */,
				CF631163DB3CFC07F8AB1862 /* [CP] Embed Pods Frameworks */,
			);
			buildRules = (
			);
			dependencies = (
			);
			name = PokemonCarnival;
			productName = PokemonCarnival;
			productReference = 74032DAD28956EC800D83F39 /* PokemonCarnival.app */;
			productType = "com.apple.product-type.application";
		};
/* End PBXNativeTarget section */

/* Begin PBXProject section */
		74032DA528956EC800D83F39 /* Project object */ = {
			isa = PBXProject;
			attributes = {
				BuildIndependentTargetsInParallel = 1;
				LastSwiftUpdateCheck = 1340;
				LastUpgradeCheck = 1340;
				TargetAttributes = {
					74032DAC28956EC800D83F39 = {
						CreatedOnToolsVersion = 13.4;
					};
				};
			};
			buildConfigurationList = 74032DA828956EC800D83F39 /* Build configuration list for PBXProject "PokemonCarnival" */;
			compatibilityVersion = "Xcode 13.0";
			developmentRegion = en;
			hasScannedForEncodings = 0;
			knownRegions = (
				en,
				Base,
			);
			mainGroup = 74032DA428956EC800D83F39;
			productRefGroup = 74032DAE28956EC800D83F39 /* Products */;
			projectDirPath = "";
			projectRoot = "";
			targets = (
				74032DAC28956EC800D83F39 /* PokemonCarnival */,
			);
		};
/* End PBXProject section */

/* Begin PBXResourcesBuildPhase section */
		74032DAB28956EC800D83F39 /* Resources */ = {
			isa = PBXResourcesBuildPhase;
			buildActionMask = 2147483647;
			files = (
				74032DC028956ECA00D83F39 /* LaunchScreen.storyboard in Resources */,
				74032DBD28956ECA00D83F39 /* Assets.xcassets in Resources */,
			);
			runOnlyForDeploymentPostprocessing = 0;
		};
/* End PBXResourcesBuildPhase section */

/* Begin PBXShellScriptBuildPhase section */
		CF631163DB3CFC07F8AB1862 /* [CP] Embed Pods Frameworks */ = {
			isa = PBXShellScriptBuildPhase;
			buildActionMask = 2147483647;
			files = (
			);
			inputFileListPaths = (
				"${PODS_ROOT}/Target Support Files/Pods-PokemonCarnival/Pods-PokemonCarnival-frameworks-${CONFIGURATION}-input-files.xcfilelist",
			);
			name = "[CP] Embed Pods Frameworks";
			outputFileListPaths = (
				"${PODS_ROOT}/Target Support Files/Pods-PokemonCarnival/Pods-PokemonCarnival-frameworks-${CONFIGURATION}-output-files.xcfilelist",
			);
			runOnlyForDeploymentPostprocessing = 0;
			shellPath = /bin/sh;
			shellScript = "\"${PODS_ROOT}/Target Support Files/Pods-PokemonCarnival/Pods-PokemonCarnival-frameworks.sh\"\n";
			showEnvVarsInLog = 0;
		};
		F8ACE5215D092C658A2EC85B /* [CP] Check Pods Manifest.lock */ = {
			isa = PBXShellScriptBuildPhase;
			buildActionMask = 2147483647;
			files = (
			);
			inputFileListPaths = (
			);
			inputPaths = (
				"${PODS_PODFILE_DIR_PATH}/Podfile.lock",
				"${PODS_ROOT}/Manifest.lock",
			);
			name = "[CP] Check Pods Manifest.lock";
			outputFileListPaths = (
			);
			outputPaths = (
				"$(DERIVED_FILE_DIR)/Pods-PokemonCarnival-checkManifestLockResult.txt",
			);
			runOnlyForDeploymentPostprocessing = 0;
			shellPath = /bin/sh;
			shellScript = "diff \"${PODS_PODFILE_DIR_PATH}/Podfile.lock\" \"${PODS_ROOT}/Manifest.lock\" > /dev/null\nif [ $? != 0 ] ; then\n    # print error to STDERR\n    echo \"error: The sandbox is not in sync with the Podfile.lock. Run 'pod install' or update your CocoaPods installation.\" >&2\n    exit 1\nfi\n# This output is used by Xcode 'outputs' to avoid re-running this script phase.\necho \"SUCCESS\" > \"${SCRIPT_OUTPUT_FILE_0}\"\n";
			showEnvVarsInLog = 0;
		};
/* End PBXShellScriptBuildPhase section */

/* Begin PBXSourcesBuildPhase section */
		74032DA928956EC800D83F39 /* Sources */ = {
			isa = PBXSourcesBuildPhase;
			buildActionMask = 2147483647;
			files = (
				74F68EDE28982B6F003DF0C6 /* PageResultsTargetType.swift in Sources */,
				74F68EE328982D72003DF0C6 /* CoreData+Extensions.swift in Sources */,
				74F68ED828982A4F003DF0C6 /* RequestBuilderPlugin.swift in Sources */,
				743A83162896457000036D2D /* PokemonEndPoint.swift in Sources */,
				74F68EDB28982A70003DF0C6 /* PageResult.swift in Sources */,
				74032DBB28956EC800D83F39 /* PokemonCarnival.xcdatamodeld in Sources */,
				74032DB128956EC800D83F39 /* AppDelegate.swift in Sources */,
				74C9D11D28962ABD00DDB305 /* PokemonListViewController.swift in Sources */,
				74A6BD6D28964791003164C5 /* Pokemon.swift in Sources */,
				74A6BD7128964BE3003164C5 /* UIImageView+Extension.swift in Sources */,
				743A83132896454C00036D2D /* ConnectionService.swift in Sources */,
				74F68ED728982A4F003DF0C6 /* NetworkProvider.swift in Sources */,
				742403DB28962FC20032DF2F /* PokemonTableViewCell.swift in Sources */,
				74C9D1192896222200DDB305 /* AutoLayoutDSL.swift in Sources */,
				74F68EEC2898B27E003DF0C6 /* Saveable.swift in Sources */,
				74F68EE128982D2B003DF0C6 /* ManagedPokenmon+CoreDataClass.swift in Sources */,
				74F68EDF28982B6F003DF0C6 /* Paginator.swift in Sources */,
				74F68EE72898AD6E003DF0C6 /* Publisher+Extenstions.swift in Sources */,
			);
			runOnlyForDeploymentPostprocessing = 0;
		};
/* End PBXSourcesBuildPhase section */

/* Begin PBXVariantGroup section */
		74032DBE28956ECA00D83F39 /* LaunchScreen.storyboard */ = {
			isa = PBXVariantGroup;
			children = (
				74032DBF28956ECA00D83F39 /* Base */,
			);
			name = LaunchScreen.storyboard;
			sourceTree = "<group>";
		};
/* End PBXVariantGroup section */

/* Begin XCBuildConfiguration section */
		74032DC228956ECA00D83F39 /* Debug */ = {
			isa = XCBuildConfiguration;
			buildSettings = {
				ALWAYS_SEARCH_USER_PATHS = NO;
				CLANG_ANALYZER_NONNULL = YES;
				CLANG_ANALYZER_NUMBER_OBJECT_CONVERSION = YES_AGGRESSIVE;
				CLANG_CXX_LANGUAGE_STANDARD = "gnu++17";
				CLANG_ENABLE_MODULES = YES;
				CLANG_ENABLE_OBJC_ARC = YES;
				CLANG_ENABLE_OBJC_WEAK = YES;
				CLANG_WARN_BLOCK_CAPTURE_AUTORELEASING = YES;
				CLANG_WARN_BOOL_CONVERSION = YES;
				CLANG_WARN_COMMA = YES;
				CLANG_WARN_CONSTANT_CONVERSION = YES;
				CLANG_WARN_DEPRECATED_OBJC_IMPLEMENTATIONS = YES;
				CLANG_WARN_DIRECT_OBJC_ISA_USAGE = YES_ERROR;
				CLANG_WARN_DOCUMENTATION_COMMENTS = YES;
				CLANG_WARN_EMPTY_BODY = YES;
				CLANG_WARN_ENUM_CONVERSION = YES;
				CLANG_WARN_INFINITE_RECURSION = YES;
				CLANG_WARN_INT_CONVERSION = YES;
				CLANG_WARN_NON_LITERAL_NULL_CONVERSION = YES;
				CLANG_WARN_OBJC_IMPLICIT_RETAIN_SELF = YES;
				CLANG_WARN_OBJC_LITERAL_CONVERSION = YES;
				CLANG_WARN_OBJC_ROOT_CLASS = YES_ERROR;
				CLANG_WARN_QUOTED_INCLUDE_IN_FRAMEWORK_HEADER = YES;
				CLANG_WARN_RANGE_LOOP_ANALYSIS = YES;
				CLANG_WARN_STRICT_PROTOTYPES = YES;
				CLANG_WARN_SUSPICIOUS_MOVE = YES;
				CLANG_WARN_UNGUARDED_AVAILABILITY = YES_AGGRESSIVE;
				CLANG_WARN_UNREACHABLE_CODE = YES;
				CLANG_WARN__DUPLICATE_METHOD_MATCH = YES;
				COPY_PHASE_STRIP = NO;
				DEBUG_INFORMATION_FORMAT = dwarf;
				ENABLE_STRICT_OBJC_MSGSEND = YES;
				ENABLE_TESTABILITY = YES;
				GCC_C_LANGUAGE_STANDARD = gnu11;
				GCC_DYNAMIC_NO_PIC = NO;
				GCC_NO_COMMON_BLOCKS = YES;
				GCC_OPTIMIZATION_LEVEL = 0;
				GCC_PREPROCESSOR_DEFINITIONS = (
					"DEBUG=1",
					"$(inherited)",
				);
				GCC_WARN_64_TO_32_BIT_CONVERSION = YES;
				GCC_WARN_ABOUT_RETURN_TYPE = YES_ERROR;
				GCC_WARN_UNDECLARED_SELECTOR = YES;
				GCC_WARN_UNINITIALIZED_AUTOS = YES_AGGRESSIVE;
				GCC_WARN_UNUSED_FUNCTION = YES;
				GCC_WARN_UNUSED_VARIABLE = YES;
				IPHONEOS_DEPLOYMENT_TARGET = 15.5;
				MTL_ENABLE_DEBUG_INFO = INCLUDE_SOURCE;
				MTL_FAST_MATH = YES;
				ONLY_ACTIVE_ARCH = YES;
				SDKROOT = iphoneos;
				SWIFT_ACTIVE_COMPILATION_CONDITIONS = DEBUG;
				SWIFT_OPTIMIZATION_LEVEL = "-Onone";
			};
			name = Debug;
		};
		74032DC328956ECA00D83F39 /* Release */ = {
			isa = XCBuildConfiguration;
			buildSettings = {
				ALWAYS_SEARCH_USER_PATHS = NO;
				CLANG_ANALYZER_NONNULL = YES;
				CLANG_ANALYZER_NUMBER_OBJECT_CONVERSION = YES_AGGRESSIVE;
				CLANG_CXX_LANGUAGE_STANDARD = "gnu++17";
				CLANG_ENABLE_MODULES = YES;
				CLANG_ENABLE_OBJC_ARC = YES;
				CLANG_ENABLE_OBJC_WEAK = YES;
				CLANG_WARN_BLOCK_CAPTURE_AUTORELEASING = YES;
				CLANG_WARN_BOOL_CONVERSION = YES;
				CLANG_WARN_COMMA = YES;
				CLANG_WARN_CONSTANT_CONVERSION = YES;
				CLANG_WARN_DEPRECATED_OBJC_IMPLEMENTATIONS = YES;
				CLANG_WARN_DIRECT_OBJC_ISA_USAGE = YES_ERROR;
				CLANG_WARN_DOCUMENTATION_COMMENTS = YES;
				CLANG_WARN_EMPTY_BODY = YES;
				CLANG_WARN_ENUM_CONVERSION = YES;
				CLANG_WARN_INFINITE_RECURSION = YES;
				CLANG_WARN_INT_CONVERSION = YES;
				CLANG_WARN_NON_LITERAL_NULL_CONVERSION = YES;
				CLANG_WARN_OBJC_IMPLICIT_RETAIN_SELF = YES;
				CLANG_WARN_OBJC_LITERAL_CONVERSION = YES;
				CLANG_WARN_OBJC_ROOT_CLASS = YES_ERROR;
				CLANG_WARN_QUOTED_INCLUDE_IN_FRAMEWORK_HEADER = YES;
				CLANG_WARN_RANGE_LOOP_ANALYSIS = YES;
				CLANG_WARN_STRICT_PROTOTYPES = YES;
				CLANG_WARN_SUSPICIOUS_MOVE = YES;
				CLANG_WARN_UNGUARDED_AVAILABILITY = YES_AGGRESSIVE;
				CLANG_WARN_UNREACHABLE_CODE = YES;
				CLANG_WARN__DUPLICATE_METHOD_MATCH = YES;
				COPY_PHASE_STRIP = NO;
				DEBUG_INFORMATION_FORMAT = "dwarf-with-dsym";
				ENABLE_NS_ASSERTIONS = NO;
				ENABLE_STRICT_OBJC_MSGSEND = YES;
				GCC_C_LANGUAGE_STANDARD = gnu11;
				GCC_NO_COMMON_BLOCKS = YES;
				GCC_WARN_64_TO_32_BIT_CONVERSION = YES;
				GCC_WARN_ABOUT_RETURN_TYPE = YES_ERROR;
				GCC_WARN_UNDECLARED_SELECTOR = YES;
				GCC_WARN_UNINITIALIZED_AUTOS = YES_AGGRESSIVE;
				GCC_WARN_UNUSED_FUNCTION = YES;
				GCC_WARN_UNUSED_VARIABLE = YES;
				IPHONEOS_DEPLOYMENT_TARGET = 15.5;
				MTL_ENABLE_DEBUG_INFO = NO;
				MTL_FAST_MATH = YES;
				SDKROOT = iphoneos;
				SWIFT_COMPILATION_MODE = wholemodule;
				SWIFT_OPTIMIZATION_LEVEL = "-O";
				VALIDATE_PRODUCT = YES;
			};
			name = Release;
		};
		74032DC528956ECA00D83F39 /* Debug */ = {
			isa = XCBuildConfiguration;
			baseConfigurationReference = A6B8809127109E79701028C1 /* Pods-PokemonCarnival.debug.xcconfig */;
			buildSettings = {
				ASSETCATALOG_COMPILER_APPICON_NAME = AppIcon;
				ASSETCATALOG_COMPILER_GLOBAL_ACCENT_COLOR_NAME = AccentColor;
				CODE_SIGN_STYLE = Automatic;
				CURRENT_PROJECT_VERSION = 1;
				GENERATE_INFOPLIST_FILE = YES;
				INFOPLIST_FILE = PokemonCarnival/Info.plist;
				INFOPLIST_KEY_UIApplicationSupportsIndirectInputEvents = YES;
				INFOPLIST_KEY_UILaunchStoryboardName = LaunchScreen;
				INFOPLIST_KEY_UISupportedInterfaceOrientations = UIInterfaceOrientationPortraitUpsideDown;
				INFOPLIST_KEY_UISupportedInterfaceOrientations_iPad = "UIInterfaceOrientationPortrait UIInterfaceOrientationPortraitUpsideDown UIInterfaceOrientationLandscapeLeft UIInterfaceOrientationLandscapeRight";
				INFOPLIST_KEY_UISupportedInterfaceOrientations_iPhone = "UIInterfaceOrientationPortrait UIInterfaceOrientationLandscapeLeft UIInterfaceOrientationLandscapeRight";
				LD_RUNPATH_SEARCH_PATHS = (
					"$(inherited)",
					"@executable_path/Frameworks",
				);
				MARKETING_VERSION = 1.0;
				PRODUCT_BUNDLE_IDENTIFIER = littlema.PokemonCarnival;
				PRODUCT_NAME = "$(TARGET_NAME)";
				SWIFT_EMIT_LOC_STRINGS = YES;
				SWIFT_VERSION = 5.0;
				TARGETED_DEVICE_FAMILY = "1,2";
			};
			name = Debug;
		};
		74032DC628956ECA00D83F39 /* Release */ = {
			isa = XCBuildConfiguration;
			baseConfigurationReference = 535AAD9F677A0D16C247C700 /* Pods-PokemonCarnival.release.xcconfig */;
			buildSettings = {
				ASSETCATALOG_COMPILER_APPICON_NAME = AppIcon;
				ASSETCATALOG_COMPILER_GLOBAL_ACCENT_COLOR_NAME = AccentColor;
				CODE_SIGN_STYLE = Automatic;
				CURRENT_PROJECT_VERSION = 1;
				GENERATE_INFOPLIST_FILE = YES;
				INFOPLIST_FILE = PokemonCarnival/Info.plist;
				INFOPLIST_KEY_UIApplicationSupportsIndirectInputEvents = YES;
				INFOPLIST_KEY_UILaunchStoryboardName = LaunchScreen;
				INFOPLIST_KEY_UISupportedInterfaceOrientations = UIInterfaceOrientationPortraitUpsideDown;
				INFOPLIST_KEY_UISupportedInterfaceOrientations_iPad = "UIInterfaceOrientationPortrait UIInterfaceOrientationPortraitUpsideDown UIInterfaceOrientationLandscapeLeft UIInterfaceOrientationLandscapeRight";
				INFOPLIST_KEY_UISupportedInterfaceOrientations_iPhone = "UIInterfaceOrientationPortrait UIInterfaceOrientationLandscapeLeft UIInterfaceOrientationLandscapeRight";
				LD_RUNPATH_SEARCH_PATHS = (
					"$(inherited)",
					"@executable_path/Frameworks",
				);
				MARKETING_VERSION = 1.0;
				PRODUCT_BUNDLE_IDENTIFIER = littlema.PokemonCarnival;
				PRODUCT_NAME = "$(TARGET_NAME)";
				SWIFT_EMIT_LOC_STRINGS = YES;
				SWIFT_VERSION = 5.0;
				TARGETED_DEVICE_FAMILY = "1,2";
			};
			name = Release;
		};
/* End XCBuildConfiguration section */

/* Begin XCConfigurationList section */
		74032DA828956EC800D83F39 /* Build configuration list for PBXProject "PokemonCarnival" */ = {
			isa = XCConfigurationList;
			buildConfigurations = (
				74032DC228956ECA00D83F39 /* Debug */,
				74032DC328956ECA00D83F39 /* Release */,
			);
			defaultConfigurationIsVisible = 0;
			defaultConfigurationName = Release;
		};
		74032DC428956ECA00D83F39 /* Build configuration list for PBXNativeTarget "PokemonCarnival" */ = {
			isa = XCConfigurationList;
			buildConfigurations = (
				74032DC528956ECA00D83F39 /* Debug */,
				74032DC628956ECA00D83F39 /* Release */,
			);
			defaultConfigurationIsVisible = 0;
			defaultConfigurationName = Release;
		};
/* End XCConfigurationList section */

/* Begin XCVersionGroup section */
		74032DB928956EC800D83F39 /* PokemonCarnival.xcdatamodeld */ = {
			isa = XCVersionGroup;
			children = (
				74032DBA28956EC800D83F39 /* PokemonCarnival.xcdatamodel */,
			);
			currentVersion = 74032DBA28956EC800D83F39 /* PokemonCarnival.xcdatamodel */;
			path = PokemonCarnival.xcdatamodeld;
			sourceTree = "<group>";
			versionGroupType = wrapper.xcdatamodel;
		};
/* End XCVersionGroup section */
	};
	rootObject = 74032DA528956EC800D83F39 /* Project object */;
}
